
Microsoft Visual Studio Solution File, Format Version 12.00
# Visual Studio Version 16
VisualStudioVersion = 16.0.30804.86
MinimumVisualStudioVersion = 10.0.40219.1
Project("{FAE04EC0-301F-11D3-BF4B-00C04F79EFBC}") = "Csharp_ExcelDataReader", "Csharp_ExcelDataReader\Csharp_ExcelDataReader.csproj", "{634D89F1-F1DF-47A0-9F5A-5E49E9F6C46E}"
EndProject
Global
	GlobalSection(SolutionConfigurationPlatforms) = preSolution
		Debug|Any CPU = Debug|Any CPU
		Release|Any CPU = Release|Any CPU
	EndGlobalSection
	GlobalSection(ProjectConfigurationPlatforms) = postSolution
		{634D89F1-F1DF-47A0-9F5A-5E49E9F6C46E}.Debug|Any CPU.ActiveCfg = Debug|Any CPU
		{634D89F1-F1DF-47A0-9F5A-5E49E9F6C46E}.Debug|Any CPU.Build.0 = Debug|Any CPU
		{634D89F1-F1DF-47A0-9F5A-5E49E9F6C46E}.Release|Any CPU.ActiveCfg = Release|Any CPU
		{634D89F1-F1DF-47A0-9F5A-5E49E9F6C46E}.Release|Any CPU.Build.0 = Release|Any CPU
	EndGlobalSection
	GlobalSection(SolutionProperties) = preSolution
		HideSolutionNode = FALSE
	EndGlobalSection
	GlobalSection(ExtensibilityGlobals) = postSolution
		SolutionGuid = {89ECEE22-2441-4417-90AB-26564DA19E1C}
	EndGlobalSection
EndGlobal
